<?xml version="1.0" encoding="UTF-8" standalone="yes" ?>
<CodeBlocks_project_file>
	<FileVersion major="1" minor="6" />
	<Project>
		<Option title="block_chain" />
		<Option pch_mode="2" />
		<Option compiler="gcc" />
		<Build>
			<Target title="Debug">
				<Option output="bin/Debug/block_chain" prefix_auto="1" extension_auto="1" />
				<Option object_output="obj/Debug/" />
				<Option type="1" />
				<Option compiler="gcc" />
				<Compiler>
					<Add option="-g" />
					<Add directory="include" />
				</Compiler>
			</Target>
			<Target title="Release">
				<Option output="bin/Release/block_chain" prefix_auto="1" extension_auto="1" />
				<Option object_output="obj/Release/" />
				<Option type="1" />
				<Option compiler="gcc" />
				<Compiler>
					<Add option="-O2" />
					<Add directory="include" />
				</Compiler>
				<Linker>
					<Add option="-s" />
				</Linker>
			</Target>
		</Build>
		<Compiler>
			<Add option="-Wall" />
			<Add option="-std=c++11" />
			<Add option="-pthread" />
		</Compiler>
		<Linker>
			<Add library="C:/Program Files (x86)/CodeBlocks/MinGW/lib/libws2_32.a" />
		</Linker>
		<Unit filename="block_chain/Listener.cpp" />
		<Unit filename="block_chain/Listener.h" />
		<Unit filename="block_chain/Message.cpp" />
		<Unit filename="block_chain/Message.h" />
		<Unit filename="block_chain/Node.cpp" />
		<Unit filename="block_chain/Node.h" />
		<Unit filename="block_chain/Serializer.cpp" />
		<Unit filename="block_chain/Serializer.h" />
		<Unit filename="block_chain/Validator.cpp" />
		<Unit filename="block_chain/Validator.h" />
		<Unit filename="block_chain/chain/Database.cpp" />
		<Unit filename="block_chain/chain/Database.h" />
		<Unit filename="block_chain/chain/NodeState.cpp" />
		<Unit filename="block_chain/chain/NodeState.h" />
		<Unit filename="block_chain/chain/Row.cpp" />
		<Unit filename="block_chain/chain/Row.h" />
		<Unit filename="block_chain/chain/block/Block.cpp" />
		<Unit filename="block_chain/chain/block/Block.h" />
		<Unit filename="block_chain/chain/block/BlockFactory.cpp" />
		<Unit filename="block_chain/chain/block/BlockFactory.h" />
		<Unit filename="block_chain/chain/block/Component.cpp" />
		<Unit filename="block_chain/chain/block/Component.h" />
		<Unit filename="block_chain/chain/block/Hash.cpp" />
		<Unit filename="block_chain/chain/block/Hash.h" />
		<Unit filename="block_chain/chain/block/Metadata.cpp" />
		<Unit filename="block_chain/chain/block/Metadata.h" />
		<Unit filename="block_chain/chain/block/transaction/MerkleTree.cpp" />
		<Unit filename="block_chain/chain/block/transaction/MerkleTree.h" />
		<Unit filename="block_chain/chain/block/transaction/Transaction.cpp" />
		<Unit filename="block_chain/chain/block/transaction/Transaction.h" />
		<Unit filename="block_chain/chain/block/transaction/TransactionContainer.cpp" />
		<Unit filename="block_chain/chain/block/transaction/TransactionContainer.h" />
		<Unit filename="block_chain/socket/Peer.cpp" />
		<Unit filename="block_chain/socket/Peer.h" />
		<Unit filename="block_chain/socket/Socket.cpp" />
		<Unit filename="block_chain/socket/Socket.h" />
		<Unit filename="block_chain/socket/SocketServer.cpp" />
		<Unit filename="block_chain/socket/SocketServer.h" />
		<Unit filename="block_chain/utils/Encoding.cpp" />
		<Unit filename="block_chain/utils/Encoding.h" />
		<Unit filename="block_chain/utils/Factory.hpp" />
		<Unit filename="block_chain/utils/RSA.cpp" />
		<Unit filename="block_chain/utils/RSA.h" />
		<Unit filename="block_chain/utils/serialization/Element.cpp" />
		<Unit filename="block_chain/utils/serialization/Element.hpp" />
		<Unit filename="block_chain/utils/serialization/ElementCreator.cpp" />
		<Unit filename="block_chain/utils/serialization/Parser.hpp" />
		<Unit filename="block_chain/utils/serialization/json/JsonCreator.cpp" />
		<Unit filename="block_chain/utils/serialization/json/JsonCreator.hpp" />
		<Unit filename="block_chain/utils/serialization/json/JsonParser.cpp" />
		<Unit filename="block_chain/utils/serialization/json/JsonParser.hpp" />
		<Unit filename="block_chain/utils/serialization/json/package.hpp" />
		<Unit filename="database/Row.cpp" />
		<Unit filename="database/Row.h" />
		<Unit filename="main.cpp" />
		<Unit filename="transactions/MessagesTransaction.cpp" />
		<Unit filename="transactions/MessagesTransaction.h" />
		<Unit filename="transactions/MoneyTransaction.cpp" />
		<Unit filename="transactions/MoneyTransaction.h" />
		<Unit filename="transactions/StatusTransaction.cpp" />
		<Unit filename="transactions/StatusTransaction.h" />
		<Unit filename="validator/CustomSerializer.cpp" />
		<Unit filename="validator/CustomSerializer.h" />
		<Extensions>
			<code_completion />
			<envvars />
			<debugger />
			<lib_finder disable_auto="1" />
		</Extensions>
	</Project>
</CodeBlocks_project_file>
