<?xml version="1.0" encoding="UTF-8" standalone="yes" ?>
<CodeBlocks_project_file>
	<FileVersion major="1" minor="6" />
	<Project>
		<Option title="block_chain" />
		<Option pch_mode="2" />
		<Option compiler="gcc" />
		<Build>
			<Target title="Debug">
				<Option output="bin/Debug/block_chain" prefix_auto="1" extension_auto="1" />
				<Option object_output="obj/Debug/" />
				<Option type="1" />
				<Option compiler="gcc" />
				<Compiler>
					<Add option="-g" />
					<Add directory="include" />
				</Compiler>
			</Target>
			<Target title="Release">
				<Option output="bin/Release/block_chain" prefix_auto="1" extension_auto="1" />
				<Option object_output="obj/Release/" />
				<Option type="1" />
				<Option compiler="gcc" />
				<Compiler>
					<Add option="-O2" />
					<Add directory="include" />
				</Compiler>
				<Linker>
					<Add option="-s" />
				</Linker>
			</Target>
		</Build>
		<Compiler>
			<Add option="-Wall" />
			<Add option="-std=c++11" />
			<Add option="-pthread" />
			<Add directory="C:/OpenSSL-Win32/include" />
		</Compiler>
		<Linker>
			<Add library="../../../codeblocks/MinGW/lib/libws2_32.a" />
			<Add library="C:/OpenSSL-Win32/lib/MinGW/libeay32.a" />
			<Add directory="C:/OpenSSL-Win32/lib" />
		</Linker>
		<Unit filename="block_chain/Framework.cpp" />
		<Unit filename="block_chain/Framework.h" />
		<Unit filename="block_chain/Node.cpp" />
		<Unit filename="block_chain/Node.h" />
		<Unit filename="block_chain/TransactionManager.cpp" />
		<Unit filename="block_chain/TransactionManager.h" />
		<Unit filename="block_chain/algorithm/MerkleTree.cpp" />
		<Unit filename="block_chain/algorithm/MerkleTree.h" />
		<Unit filename="block_chain/algorithm/cryptography/Cryptography.cpp" />
		<Unit filename="block_chain/algorithm/cryptography/Cryptography.h" />
		<Unit filename="block_chain/algorithm/cryptography/RSA.cpp" />
		<Unit filename="block_chain/algorithm/cryptography/RSA.h" />
		<Unit filename="block_chain/algorithm/hash/Hash.cpp" />
		<Unit filename="block_chain/algorithm/hash/Hash.h" />
		<Unit filename="block_chain/algorithm/hash/Hash_MD5.cpp" />
		<Unit filename="block_chain/algorithm/hash/Hash_MD5.h" />
		<Unit filename="block_chain/chain/Chain.cpp" />
		<Unit filename="block_chain/chain/Chain.h" />
		<Unit filename="block_chain/chain/NodeState.cpp" />
		<Unit filename="block_chain/chain/NodeState.h" />
		<Unit filename="block_chain/chain/block/Block.cpp" />
		<Unit filename="block_chain/chain/block/Block.h" />
		<Unit filename="block_chain/chain/block/proof/Proof.cpp" />
		<Unit filename="block_chain/chain/block/proof/Proof.h" />
		<Unit filename="block_chain/chain/block/proof/ProofOfHold.cpp" />
		<Unit filename="block_chain/chain/block/proof/ProofOfHold.h" />
		<Unit filename="block_chain/chain/block/proof/ProofOfImportance.cpp" />
		<Unit filename="block_chain/chain/block/proof/ProofOfImportance.h" />
		<Unit filename="block_chain/chain/block/proof/ProofOfMinimumAgedStake.cpp" />
		<Unit filename="block_chain/chain/block/proof/ProofOfMinimumAgedStake.h" />
		<Unit filename="block_chain/chain/block/proof/ProofOfStake.cpp" />
		<Unit filename="block_chain/chain/block/proof/ProofOfStake.h" />
		<Unit filename="block_chain/chain/block/proof/ProofOfStakeTime.cpp" />
		<Unit filename="block_chain/chain/block/proof/ProofOfStakeTime.h" />
		<Unit filename="block_chain/chain/block/proof/ProofOfUse.cpp" />
		<Unit filename="block_chain/chain/block/proof/ProofOfUse.h" />
		<Unit filename="block_chain/chain/block/proof/ProofOfWork.cpp" />
		<Unit filename="block_chain/chain/block/proof/ProofOfWork.h" />
		<Unit filename="block_chain/chain/block/proof/metadata/Metadata.cpp" />
		<Unit filename="block_chain/chain/block/proof/metadata/Metadata.h" />
		<Unit filename="block_chain/chain/block/proof/metadata/ProofOfWorkMetadata.cpp" />
		<Unit filename="block_chain/chain/block/proof/metadata/ProofOfWorkMetadata.h" />
		<Unit filename="block_chain/chain/block/transaction/Reward.cpp" />
		<Unit filename="block_chain/chain/block/transaction/Reward.h" />
		<Unit filename="block_chain/chain/block/transaction/Transaction.cpp" />
		<Unit filename="block_chain/chain/block/transaction/Transaction.h" />
		<Unit filename="block_chain/chain/state/Database.cpp" />
		<Unit filename="block_chain/chain/state/Database.h" />
		<Unit filename="block_chain/chain/state/Row.cpp" />
		<Unit filename="block_chain/chain/state/Row.h" />
		<Unit filename="block_chain/kernel/components/Component.cpp" />
		<Unit filename="block_chain/kernel/components/Component.h" />
		<Unit filename="block_chain/kernel/components/Config.cpp" />
		<Unit filename="block_chain/kernel/components/Config.h" />
		<Unit filename="block_chain/kernel/messages/AnswerPeersMessage.cpp" />
		<Unit filename="block_chain/kernel/messages/AnswerPeersMessage.h" />
		<Unit filename="block_chain/kernel/messages/AskPeersMessage.cpp" />
		<Unit filename="block_chain/kernel/messages/AskPeersMessage.h" />
		<Unit filename="block_chain/kernel/messages/BlockAnswerMessage.cpp" />
		<Unit filename="block_chain/kernel/messages/BlockAnswerMessage.h" />
		<Unit filename="block_chain/kernel/messages/BlockAskMessage.cpp" />
		<Unit filename="block_chain/kernel/messages/BlockAskMessage.h" />
		<Unit filename="block_chain/kernel/messages/BlockMessage.cpp" />
		<Unit filename="block_chain/kernel/messages/BlockMessage.h" />
		<Unit filename="block_chain/kernel/messages/Message.cpp" />
		<Unit filename="block_chain/kernel/messages/Message.h" />
		<Unit filename="block_chain/kernel/messages/SignInMessage.cpp" />
		<Unit filename="block_chain/kernel/messages/SignInMessage.h" />
		<Unit filename="block_chain/kernel/messages/SignMessage.cpp" />
		<Unit filename="block_chain/kernel/messages/SignMessage.h" />
		<Unit filename="block_chain/kernel/messages/SignOutMessage.cpp" />
		<Unit filename="block_chain/kernel/messages/SignOutMessage.h" />
		<Unit filename="block_chain/kernel/messages/TransactionMessage.cpp" />
		<Unit filename="block_chain/kernel/messages/TransactionMessage.h" />
		<Unit filename="block_chain/kernel/parsers/BlockAnswerParser.cpp" />
		<Unit filename="block_chain/kernel/parsers/BlockAnswerParser.h" />
		<Unit filename="block_chain/kernel/parsers/BlockAskParser.cpp" />
		<Unit filename="block_chain/kernel/parsers/BlockAskParser.h" />
		<Unit filename="block_chain/kernel/parsers/BlockParser.cpp" />
		<Unit filename="block_chain/kernel/parsers/BlockParser.h" />
		<Unit filename="block_chain/kernel/parsers/MessageParser.h" />
		<Unit filename="block_chain/kernel/parsers/PeersAnswerParser.cpp" />
		<Unit filename="block_chain/kernel/parsers/PeersAnswerParser.h" />
		<Unit filename="block_chain/kernel/parsers/PeersAskParser.cpp" />
		<Unit filename="block_chain/kernel/parsers/PeersAskParser.h" />
		<Unit filename="block_chain/kernel/parsers/SignInParser.cpp" />
		<Unit filename="block_chain/kernel/parsers/SignInParser.h" />
		<Unit filename="block_chain/kernel/parsers/SignOutParser.cpp" />
		<Unit filename="block_chain/kernel/parsers/SignOutParser.h" />
		<Unit filename="block_chain/kernel/parsers/TransactionParser.cpp" />
		<Unit filename="block_chain/kernel/parsers/TransactionParser.h" />
		<Unit filename="block_chain/utils/Encoding.cpp" />
		<Unit filename="block_chain/utils/Encoding.h" />
		<Unit filename="block_chain/utils/Factory.h" />
		<Unit filename="block_chain/utils/serialization/Element.cpp" />
		<Unit filename="block_chain/utils/serialization/Element.h" />
		<Unit filename="block_chain/utils/serialization/ElementCreator.cpp" />
		<Unit filename="block_chain/utils/serialization/Parser.h" />
		<Unit filename="block_chain/utils/serialization/Serializer.cpp" />
		<Unit filename="block_chain/utils/serialization/Serializer.h" />
		<Unit filename="block_chain/utils/serialization/json/JsonCreator.cpp" />
		<Unit filename="block_chain/utils/serialization/json/JsonCreator.h" />
		<Unit filename="block_chain/utils/serialization/json/JsonParser.cpp" />
		<Unit filename="block_chain/utils/serialization/json/JsonParser.h" />
		<Unit filename="block_chain/utils/socket/Peer.cpp" />
		<Unit filename="block_chain/utils/socket/Peer.h" />
		<Unit filename="block_chain/utils/socket/Socket.cpp" />
		<Unit filename="block_chain/utils/socket/Socket.h" />
		<Unit filename="block_chain/utils/socket/SocketServer.cpp" />
		<Unit filename="block_chain/utils/socket/SocketServer.h" />
		<Unit filename="database/Row.cpp" />
		<Unit filename="database/Row.h" />
		<Unit filename="main.cpp" />
		<Unit filename="reward/RewardTransaction.cpp" />
		<Unit filename="reward/RewardTransaction.h" />
		<Unit filename="transactions/MessagesTransaction.cpp" />
		<Unit filename="transactions/MessagesTransaction.h" />
		<Unit filename="transactions/MoneyTransaction.cpp" />
		<Unit filename="transactions/MoneyTransaction.h" />
		<Unit filename="transactions/StatusTransaction.cpp" />
		<Unit filename="transactions/StatusTransaction.h" />
		<Extensions>
			<code_completion />
			<envvars />
			<debugger />
			<lib_finder disable_auto="1" />
		</Extensions>
	</Project>
</CodeBlocks_project_file>
